
Microsoft Visual Studio Solution File, Format Version 12.00
# Visual Studio Version 17
VisualStudioVersion = 17.5.002.0
MinimumVisualStudioVersion = 10.0.40219.1
Project("{9A19103F-16F7-4668-BE54-9A1E7A4F7556}") = "Practice.Jenkins", "Practice.Jenkins.csproj", "{FA467652-2856-4299-A69A-7F4662CCBCD7}"
EndProject
Global
	GlobalSection(SolutionConfigurationPlatforms) = preSolution
		Debug|Any CPU = Debug|Any CPU
		Release|Any CPU = Release|Any CPU
	EndGlobalSection
	GlobalSection(ProjectConfigurationPlatforms) = postSolution
		{FA467652-2856-4299-A69A-7F4662CCBCD7}.Debug|Any CPU.ActiveCfg = Debug|Any CPU
		{FA467652-2856-4299-A69A-7F4662CCBCD7}.Debug|Any CPU.Build.0 = Debug|Any CPU
		{FA467652-2856-4299-A69A-7F4662CCBCD7}.Release|Any CPU.ActiveCfg = Release|Any CPU
		{FA467652-2856-4299-A69A-7F4662CCBCD7}.Release|Any CPU.Build.0 = Release|Any CPU
	EndGlobalSection
	GlobalSection(SolutionProperties) = preSolution
		HideSolutionNode = FALSE
	EndGlobalSection
	GlobalSection(ExtensibilityGlobals) = postSolution
		SolutionGuid = {7BCEAA40-78B9-4678-98E9-1D27356D4C57}
	EndGlobalSection
EndGlobal
